// !$*UTF8*$!
{
	archiveVersion = 1;
	classes = {
	};
	objectVersion = 46;
	objects = {

/* Begin PBXBuildFile section */
		5AFFFB2119CB61840022799A /* AppDelegate.swift in Sources */ = {isa = PBXBuildFile; fileRef = 5AFFFB2019CB61840022799A /* AppDelegate.swift */; };
		5AFFFB2319CB61840022799A /* ViewController.swift in Sources */ = {isa = PBXBuildFile; fileRef = 5AFFFB2219CB61840022799A /* ViewController.swift */; };
		5AFFFB2619CB61840022799A /* Main.storyboard in Resources */ = {isa = PBXBuildFile; fileRef = 5AFFFB2419CB61840022799A /* Main.storyboard */; };
		5AFFFB2819CB61840022799A /* Images.xcassets in Resources */ = {isa = PBXBuildFile; fileRef = 5AFFFB2719CB61840022799A /* Images.xcassets */; };
		5AFFFB2B19CB61840022799A /* LaunchScreen.xib in Resources */ = {isa = PBXBuildFile; fileRef = 5AFFFB2919CB61840022799A /* LaunchScreen.xib */; };
		5AFFFB3719CB61840022799A /* swift_hackaTests.swift in Sources */ = {isa = PBXBuildFile; fileRef = 5AFFFB3619CB61840022799A /* swift_hackaTests.swift */; };
/* End PBXBuildFile section */

/* Begin PBXContainerItemProxy section */
		5AFFFB3119CB61840022799A /* PBXContainerItemProxy */ = {
			isa = PBXContainerItemProxy;
			containerPortal = 5AFFFB1319CB61840022799A /* Project object */;
			proxyType = 1;
			remoteGlobalIDString = 5AFFFB1A19CB61840022799A;
			remoteInfo = swift_hacka;
		};
/* End PBXContainerItemProxy section */

/* Begin PBXFileReference section */
		5AFFFB1B19CB61840022799A /* swift_hacka.app */ = {isa = PBXFileReference; explicitFileType = wrapper.application; includeInIndex = 0; path = swift_hacka.app; sourceTree = BUILT_PRODUCTS_DIR; };
		5AFFFB1F19CB61840022799A /* Info.plist */ = {isa = PBXFileReference; lastKnownFileType = text.plist.xml; path = Info.plist; sourceTree = "<group>"; };
		5AFFFB2019CB61840022799A /* AppDelegate.swift */ = {isa = PBXFileReference; lastKnownFileType = sourcecode.swift; path = AppDelegate.swift; sourceTree = "<group>"; };
		5AFFFB2219CB61840022799A /* ViewController.swift */ = {isa = PBXFileReference; lastKnownFileType = sourcecode.swift; path = ViewController.swift; sourceTree = "<group>"; };
		5AFFFB2519CB61840022799A /* Base */ = {isa = PBXFileReference; lastKnownFileType = file.storyboard; name = Base; path = Base.lproj/Main.storyboard; sourceTree = "<group>"; };
		5AFFFB2719CB61840022799A /* Images.xcassets */ = {isa = PBXFileReference; lastKnownFileType = folder.assetcatalog; path = Images.xcassets; sourceTree = "<group>"; };
		5AFFFB2A19CB61840022799A /* Base */ = {isa = PBXFileReference; lastKnownFileType = file.xib; name = Base; path = Base.lproj/LaunchScreen.xib; sourceTree = "<group>"; };
		5AFFFB3019CB61840022799A /* swift_hackaTests.xctest */ = {isa = PBXFileReference; explicitFileType = wrapper.cfbundle; includeInIndex = 0; path = swift_hackaTests.xctest; sourceTree = BUILT_PRODUCTS_DIR; };
		5AFFFB3519CB61840022799A /* Info.plist */ = {isa = PBXFileReference; lastKnownFileType = text.plist.xml; path = Info.plist; sourceTree = "<group>"; };
		5AFFFB3619CB61840022799A /* swift_hackaTests.swift */ = {isa = PBXFileReference; lastKnownFileType = sourcecode.swift; path = swift_hackaTests.swift; sourceTree = "<group>"; };
/* End PBXFileReference section */

/* Begin PBXFrameworksBuildPhase section */
		5AFFFB1819CB61840022799A /* Frameworks */ = {
			isa = PBXFrameworksBuildPhase;
			buildActionMask = 2147483647;
			files = (
			);
			runOnlyForDeploymentPostprocessing = 0;
		};
		5AFFFB2D19CB61840022799A /* Frameworks */ = {
			isa = PBXFrameworksBuildPhase;
			buildActionMask = 2147483647;
			files = (
			);
			runOnlyForDeploymentPostprocessing = 0;
		};
/* End PBXFrameworksBuildPhase section */

/* Begin PBXGroup section */
		5AFFFB1219CB61840022799A = {
			isa = PBXGroup;
			children = (
				5AFFFB1D19CB61840022799A /* swift_hacka */,
				5AFFFB3319CB61840022799A /* swift_hackaTests */,
				5AFFFB1C19CB61840022799A /* Products */,
			);
			sourceTree = "<group>";
		};
		5AFFFB1C19CB61840022799A /* Products */ = {
			isa = PBXGroup;
			children = (
				5AFFFB1B19CB61840022799A /* swift_hacka.app */,
				5AFFFB3019CB61840022799A /* swift_hackaTests.xctest */,
			);
			name = Products;
			sourceTree = "<group>";
		};
		5AFFFB1D19CB61840022799A /* swift_hacka */ = {
			isa = PBXGroup;
			children = (
				5AFFFB2019CB61840022799A /* AppDelegate.swift */,
				5AFFFB2219CB61840022799A /* ViewController.swift */,
				5AFFFB2419CB61840022799A /* Main.storyboard */,
				5AFFFB2719CB61840022799A /* Images.xcassets */,
				5AFFFB2919CB61840022799A /* LaunchScreen.xib */,
				5AFFFB1E19CB61840022799A /* Supporting Files */,
			);
			path = swift_hacka;
			sourceTree = "<group>";
		};
		5AFFFB1E19CB61840022799A /* Supporting Files */ = {
			isa = PBXGroup;
			children = (
				5AFFFB1F19CB61840022799A /* Info.plist */,
			);
			name = "Supporting Files";
			sourceTree = "<group>";
		};
		5AFFFB3319CB61840022799A /* swift_hackaTests */ = {
			isa = PBXGroup;
			children = (
				5AFFFB3619CB61840022799A /* swift_hackaTests.swift */,
				5AFFFB3419CB61840022799A /* Supporting Files */,
			);
			path = swift_hackaTests;
			sourceTree = "<group>";
		};
		5AFFFB3419CB61840022799A /* Supporting Files */ = {
			isa = PBXGroup;
			children = (
				5AFFFB3519CB61840022799A /* Info.plist */,
			);
			name = "Supporting Files";
			sourceTree = "<group>";
		};
/* End PBXGroup section */

/* Begin PBXNativeTarget section */
		5AFFFB1A19CB61840022799A /* swift_hacka */ = {
			isa = PBXNativeTarget;
			buildConfigurationList = 5AFFFB3A19CB61840022799A /* Build configuration list for PBXNativeTarget "swift_hacka" */;
			buildPhases = (
				5AFFFB1719CB61840022799A /* Sources */,
				5AFFFB1819CB61840022799A /* Frameworks */,
				5AFFFB1919CB61840022799A /* Resources */,
			);
			buildRules = (
			);
			dependencies = (
			);
			name = swift_hacka;
			productName = swift_hacka;
			productReference = 5AFFFB1B19CB61840022799A /* swift_hacka.app */;
			productType = "com.apple.product-type.application";
		};
		5AFFFB2F19CB61840022799A /* swift_hackaTests */ = {
			isa = PBXNativeTarget;
			buildConfigurationList = 5AFFFB3D19CB61840022799A /* Build configuration list for PBXNativeTarget "swift_hackaTests" */;
			buildPhases = (
				5AFFFB2C19CB61840022799A /* Sources */,
				5AFFFB2D19CB61840022799A /* Frameworks */,
				5AFFFB2E19CB61840022799A /* Resources */,
			);
			buildRules = (
			);
			dependencies = (
				5AFFFB3219CB61840022799A /* PBXTargetDependency */,
			);
			name = swift_hackaTests;
			productName = swift_hackaTests;
			productReference = 5AFFFB3019CB61840022799A /* swift_hackaTests.xctest */;
			productType = "com.apple.product-type.bundle.unit-test";
		};
/* End PBXNativeTarget section */

/* Begin PBXProject section */
		5AFFFB1319CB61840022799A /* Project object */ = {
			isa = PBXProject;
			attributes = {
				LastUpgradeCheck = 0600;
				ORGANIZATIONNAME = "ExcepApps, Inc";
				TargetAttributes = {
					5AFFFB1A19CB61840022799A = {
						CreatedOnToolsVersion = 6.0.1;
					};
					5AFFFB2F19CB61840022799A = {
						CreatedOnToolsVersion = 6.0.1;
						TestTargetID = 5AFFFB1A19CB61840022799A;
					};
				};
			};
			buildConfigurationList = 5AFFFB1619CB61840022799A /* Build configuration list for PBXProject "swift_hacka" */;
			compatibilityVersion = "Xcode 3.2";
			developmentRegion = English;
			hasScannedForEncodings = 0;
			knownRegions = (
				en,
				Base,
			);
			mainGroup = 5AFFFB1219CB61840022799A;
			productRefGroup = 5AFFFB1C19CB61840022799A /* Products */;
			projectDirPath = "";
			projectRoot = "";
			targets = (
				5AFFFB1A19CB61840022799A /* swift_hacka */,
				5AFFFB2F19CB61840022799A /* swift_hackaTests */,
			);
		};
/* End PBXProject section */

/* Begin PBXResourcesBuildPhase section */
		5AFFFB1919CB61840022799A /* Resources */ = {
			isa = PBXResourcesBuildPhase;
			buildActionMask = 2147483647;
			files = (
				5AFFFB2619CB61840022799A /* Main.storyboard in Resources */,
				5AFFFB2B19CB61840022799A /* LaunchScreen.xib in Resources */,
				5AFFFB2819CB61840022799A /* Images.xcassets in Resources */,
			);
			runOnlyForDeploymentPostprocessing = 0;
		};
		5AFFFB2E19CB61840022799A /* Resources */ = {
			isa = PBXResourcesBuildPhase;
			buildActionMask = 2147483647;
			files = (
			);
			runOnlyForDeploymentPostprocessing = 0;
		};
/* End PBXResourcesBuildPhase section */

/* Begin PBXSourcesBuildPhase section */
		5AFFFB1719CB61840022799A /* Sources */ = {
			isa = PBXSourcesBuildPhase;
			buildActionMask = 2147483647;
			files = (
				5AFFFB2319CB61840022799A /* ViewController.swift in Sources */,
				5AFFFB2119CB61840022799A /* AppDelegate.swift in Sources */,
			);
			runOnlyForDeploymentPostprocessing = 0;
		};
		5AFFFB2C19CB61840022799A /* Sources */ = {
			isa = PBXSourcesBuildPhase;
			buildActionMask = 2147483647;
			files = (
				5AFFFB3719CB61840022799A /* swift_hackaTests.swift in Sources */,
			);
			runOnlyForDeploymentPostprocessing = 0;
		};
/* End PBXSourcesBuildPhase section */

/* Begin PBXTargetDependency section */
		5AFFFB3219CB61840022799A /* PBXTargetDependency */ = {
			isa = PBXTargetDependency;
			target = 5AFFFB1A19CB61840022799A /* swift_hacka */;
			targetProxy = 5AFFFB3119CB61840022799A /* PBXContainerItemProxy */;
		};
/* End PBXTargetDependency section */

/* Begin PBXVariantGroup section */
		5AFFFB2419CB61840022799A /* Main.storyboard */ = {
			isa = PBXVariantGroup;
			children = (
				5AFFFB2519CB61840022799A /* Base */,
			);
			name = Main.storyboard;
			sourceTree = "<group>";
		};
		5AFFFB2919CB61840022799A /* LaunchScreen.xib */ = {
			isa = PBXVariantGroup;
			children = (
				5AFFFB2A19CB61840022799A /* Base */,
			);
			name = LaunchScreen.xib;
			sourceTree = "<group>";
		};
/* End PBXVariantGroup section */

/* Begin XCBuildConfiguration section */
		5AFFFB3819CB61840022799A /* Debug */ = {
			isa = XCBuildConfiguration;
			buildSettings = {
				ALWAYS_SEARCH_USER_PATHS = NO;
				CLANG_CXX_LANGUAGE_STANDARD = "gnu++0x";
				CLANG_CXX_LIBRARY = "libc++";
				CLANG_ENABLE_MODULES = YES;
				CLANG_ENABLE_OBJC_ARC = YES;
				CLANG_WARN_BOOL_CONVERSION = YES;
				CLANG_WARN_CONSTANT_CONVERSION = YES;
				CLANG_WARN_DIRECT_OBJC_ISA_USAGE = YES_ERROR;
				CLANG_WARN_EMPTY_BODY = YES;
				CLANG_WARN_ENUM_CONVERSION = YES;
				CLANG_WARN_INT_CONVERSION = YES;
				CLANG_WARN_OBJC_ROOT_CLASS = YES_ERROR;
				CLANG_WARN_UNREACHABLE_CODE = YES;
				CLANG_WARN__DUPLICATE_METHOD_MATCH = YES;
				"CODE_SIGN_IDENTITY[sdk=iphoneos*]" = "iPhone Developer";
				COPY_PHASE_STRIP = NO;
				ENABLE_STRICT_OBJC_MSGSEND = YES;
				GCC_C_LANGUAGE_STANDARD = gnu99;
				GCC_DYNAMIC_NO_PIC = NO;
				GCC_OPTIMIZATION_LEVEL = 0;
				GCC_PREPROCESSOR_DEFINITIONS = (
					"DEBUG=1",
					"$(inherited)",
				);
				GCC_SYMBOLS_PRIVATE_EXTERN = NO;
				GCC_WARN_64_TO_32_BIT_CONVERSION = YES;
				GCC_WARN_ABOUT_RETURN_TYPE = YES_ERROR;
				GCC_WARN_UNDECLARED_SELECTOR = YES;
				GCC_WARN_UNINITIALIZED_AUTOS = YES_AGGRESSIVE;
				GCC_WARN_UNUSED_FUNCTION = YES;
				GCC_WARN_UNUSED_VARIABLE = YES;
				IPHONEOS_DEPLOYMENT_TARGET = 8.0;
				MTL_ENABLE_DEBUG_INFO = YES;
				ONLY_ACTIVE_ARCH = YES;
				SDKROOT = iphoneos;
				SWIFT_OPTIMIZATION_LEVEL = "-Onone";
				TARGETED_DEVICE_FAMILY = "1,2";
			};
			name = Debug;
		};
		5AFFFB3919CB61840022799A /* Release */ = {
			isa = XCBuildConfiguration;
			buildSettings = {
				ALWAYS_SEARCH_USER_PATHS = NO;
				CLANG_CXX_LANGUAGE_STANDARD = "gnu++0x";
				CLANG_CXX_LIBRARY = "libc++";
				CLANG_ENABLE_MODULES = YES;
				CLANG_ENABLE_OBJC_ARC = YES;
				CLANG_WARN_BOOL_CONVERSION = YES;
				CLANG_WARN_CONSTANT_CONVERSION = YES;
				CLANG_WARN_DIRECT_OBJC_ISA_USAGE = YES_ERROR;
				CLANG_WARN_EMPTY_BODY = YES;
				CLANG_WARN_ENUM_CONVERSION = YES;
				CLANG_WARN_INT_CONVERSION = YES;
				CLANG_WARN_OBJC_ROOT_CLASS = YES_ERROR;
				CLANG_WARN_UNREACHABLE_CODE = YES;
				CLANG_WARN__DUPLICATE_METHOD_MATCH = YES;
				"CODE_SIGN_IDENTITY[sdk=iphoneos*]" = "iPhone Developer";
				COPY_PHASE_STRIP = YES;
				ENABLE_NS_ASSERTIONS = NO;
				ENABLE_STRICT_OBJC_MSGSEND = YES;
				GCC_C_LANGUAGE_STANDARD = gnu99;
				GCC_WARN_64_TO_32_BIT_CONVERSION = YES;
				GCC_WARN_ABOUT_RETURN_TYPE = YES_ERROR;
				GCC_WARN_UNDECLARED_SELECTOR = YES;
				GCC_WARN_UNINITIALIZED_AUTOS = YES_AGGRESSIVE;
				GCC_WARN_UNUSED_FUNCTION = YES;
				GCC_WARN_UNUSED_VARIABLE = YES;
				IPHONEOS_DEPLOYMENT_TARGET = 8.0;
				MTL_ENABLE_DEBUG_INFO = NO;
				SDKROOT = iphoneos;
				TARGETED_DEVICE_FAMILY = "1,2";
				VALIDATE_PRODUCT = YES;
			};
			name = Release;
		};
		5AFFFB3B19CB61840022799A /* Debug */ = {
			isa = XCBuildConfiguration;
			buildSettings = {
				ASSETCATALOG_COMPILER_APPICON_NAME = AppIcon;
				INFOPLIST_FILE = swift_hacka/Info.plist;
				LD_RUNPATH_SEARCH_PATHS = "$(inherited) @executable_path/Frameworks";
				PRODUCT_NAME = "$(TARGET_NAME)";
			};
			name = Debug;
		};
		5AFFFB3C19CB61840022799A /* Release */ = {
			isa = XCBuildConfiguration;
			buildSettings = {
				ASSETCATALOG_COMPILER_APPICON_NAME = AppIcon;
				INFOPLIST_FILE = swift_hacka/Info.plist;
				LD_RUNPATH_SEARCH_PATHS = "$(inherited) @executable_path/Frameworks";
				PRODUCT_NAME = "$(TARGET_NAME)";
			};
			name = Release;
		};
		5AFFFB3E19CB61840022799A /* Debug */ = {
			isa = XCBuildConfiguration;
			buildSettings = {
				BUNDLE_LOADER = "$(TEST_HOST)";
				FRAMEWORK_SEARCH_PATHS = (
					"$(SDKROOT)/Developer/Library/Frameworks",
					"$(inherited)",
				);
				GCC_PREPROCESSOR_DEFINITIONS = (
					"DEBUG=1",
					"$(inherited)",
				);
				INFOPLIST_FILE = swift_hackaTests/Info.plist;
				LD_RUNPATH_SEARCH_PATHS = "$(inherited) @executable_path/Frameworks @loader_path/Frameworks";
				PRODUCT_NAME = "$(TARGET_NAME)";
				TEST_HOST = "$(BUILT_PRODUCTS_DIR)/swift_hacka.app/swift_hacka";
			};
			name = Debug;
		};
		5AFFFB3F19CB61840022799A /* Release */ = {
			isa = XCBuildConfiguration;
			buildSettings = {
				BUNDLE_LOADER = "$(TEST_HOST)";
				FRAMEWORK_SEARCH_PATHS = (
					"$(SDKROOT)/Developer/Library/Frameworks",
					"$(inherited)",
				);
				INFOPLIST_FILE = swift_hackaTests/Info.plist;
				LD_RUNPATH_SEARCH_PATHS = "$(inherited) @executable_path/Frameworks @loader_path/Frameworks";
				PRODUCT_NAME = "$(TARGET_NAME)";
				TEST_HOST = "$(BUILT_PRODUCTS_DIR)/swift_hacka.app/swift_hacka";
			};
			name = Release;
		};
/* End XCBuildConfiguration section */

/* Begin XCConfigurationList section */
		5AFFFB1619CB61840022799A /* Build configuration list for PBXProject "swift_hacka" */ = {
			isa = XCConfigurationList;
			buildConfigurations = (
				5AFFFB3819CB61840022799A /* Debug */,
				5AFFFB3919CB61840022799A /* Release */,
			);
			defaultConfigurationIsVisible = 0;
			defaultConfigurationName = Release;
		};
		5AFFFB3A19CB61840022799A /* Build configuration list for PBXNativeTarget "swift_hacka" */ = {
			isa = XCConfigurationList;
			buildConfigurations = (
				5AFFFB3B19CB61840022799A /* Debug */,
				5AFFFB3C19CB61840022799A /* Release */,
			);
			defaultConfigurationIsVisible = 0;
			defaultConfigurationName = Release;
		};
		5AFFFB3D19CB61840022799A /* Build configuration list for PBXNativeTarget "swift_hackaTests" */ = {
			isa = XCConfigurationList;
			buildConfigurations = (
				5AFFFB3E19CB61840022799A /* Debug */,
				5AFFFB3F19CB61840022799A /* Release */,
			);
			defaultConfigurationIsVisible = 0;
			defaultConfigurationName = Release;
		};
/* End XCConfigurationList section */
	};
	rootObject = 5AFFFB1319CB61840022799A /* Project object */;
}
